<?xml version="1.0" encoding="utf-8"?>
<Project ToolsVersion="4.0" xmlns="http://schemas.microsoft.com/developer/msbuild/2003">
  <ItemGroup>
    <Filter Include="Source Files">
      <UniqueIdentifier>{4FC737F1-C7A5-4376-A066-2A32D752A2FF}</UniqueIdentifier>
      <Extensions>cpp;c;cc;cxx;def;odl;idl;hpj;bat;asm;asmx</Extensions>
    </Filter>
    <Filter Include="Header Files">
      <UniqueIdentifier>{93995380-89BD-4b04-88EB-625FBE52EBFB}</UniqueIdentifier>
      <Extensions>h;hh;hpp;hxx;hm;inl;inc;xsd</Extensions>
    </Filter>
    <Filter Include="Resource Files">
      <UniqueIdentifier>{67DA6AB6-F800-4c08-8B7A-83BB121AAD01}</UniqueIdentifier>
      <Extensions>rc;ico;cur;bmp;dlg;rc2;rct;bin;rgs;gif;jpg;jpeg;jpe;resx;tiff;tif;png;wav</Extensions>
    </Filter>
    <Filter Include="Source Files\VrGUI">
      <UniqueIdentifier>{cdd06a9d-51a4-45ab-991b-8a60278fe005}</UniqueIdentifier>
    </Filter>
    <Filter Include="Header Files\VrGUI">
      <UniqueIdentifier>{68eacd1e-676d-4e36-b341-c87397fae0c6}</UniqueIdentifier>
    </Filter>
    <Filter Include="Header Files\DBTweener">
      <UniqueIdentifier>{f3fad204-be87-42d2-a006-34e16b8a93cb}</UniqueIdentifier>
    </Filter>
  </ItemGroup>
  <ItemGroup>
    <None Include="projects\android\build\outputs\lint-results-release-fatal.html" />
    <None Include="assets\shaders\MangaPage.frag">
      <Filter>Resource Files</Filter>
    </None>
    <None Include="assets\shaders\MangaPage.vert">
      <Filter>Resource Files</Filter>
    </None>
    <None Include="assets\shaders\TransparentMangaPage.frag">
      <Filter>Resource Files</Filter>
    </None>
    <None Include="assets\shaders\floor_lol.vert">
      <Filter>Resource Files</Filter>
    </None>
    <None Include="assets\shaders\floor_lol.frag">
      <Filter>Resource Files</Filter>
    </None>
    <None Include="assets\shaders\particle.vert">
      <Filter>Resource Files</Filter>
    </None>
    <None Include="assets\shaders\particle.frag">
      <Filter>Resource Files</Filter>
    </None>
  </ItemGroup>
  <ItemGroup>
    <ClInclude Include="src\Mangaroll.h">
      <Filter>Header Files</Filter>
    </ClInclude>
    <ClInclude Include="Src\Page.h">
      <Filter>Header Files</Filter>
    </ClInclude>
    <ClInclude Include="Src\GlObject.h">
      <Filter>Header Files</Filter>
    </ClInclude>
    <ClInclude Include="Src\Helpers.h">
      <Filter>Header Files</Filter>
    </ClInclude>
    <ClInclude Include="Src\OVR_TurboJpeg.h">
      <Filter>Header Files</Filter>
    </ClInclude>
    <ClInclude Include="Src\turbojpeg.h">
      <Filter>Header Files</Filter>
    </ClInclude>
    <ClInclude Include="Src\Manga.h">
      <Filter>Header Files</Filter>
    </ClInclude>
    <ClInclude Include="Src\MangaSettingsView.h">
      <Filter>Header Files</Filter>
    </ClInclude>
    <ClInclude Include="Src\ShaderManager.h">
      <Filter>Header Files</Filter>
    </ClInclude>
    <ClInclude Include="Src\MangaCarousel.h">
      <Filter>Header Files</Filter>
    </ClInclude>
    <ClInclude Include="Src\ViewManager.h">
      <Filter>Header Files</Filter>
    </ClInclude>
    <ClInclude Include="Src\View.h">
      <Filter>Header Files</Filter>
    </ClInclude>
    <ClInclude Include="Src\MangaSelectionView.h">
      <Filter>Header Files</Filter>
    </ClInclude>
    <ClInclude Include="Src\AsyncTexture.h">
      <Filter>Header Files</Filter>
    </ClInclude>
    <ClInclude Include="Src\GazeUpdateComponent.h">
      <Filter>Header Files</Filter>
    </ClInclude>
    <ClInclude Include="Src\MangaProvider.h">
      <Filter>Header Files</Filter>
    </ClInclude>
    <ClInclude Include="Src\Web.h">
      <Filter>Header Files</Filter>
    </ClInclude>
    <ClInclude Include="Src\AnimationManager.h">
      <Filter>Header Files</Filter>
    </ClInclude>
    <ClInclude Include="Src\UICheckbox.h">
      <Filter>Header Files</Filter>
    </ClInclude>
    <ClInclude Include="..\..\..\VrAppSupport\VrGUI\Src\VRMenuEvent.h">
      <Filter>Header Files\VrGUI</Filter>
    </ClInclude>
    <ClInclude Include="..\..\..\VrAppSupport\VrGUI\Src\VRMenuEventHandler.h">
      <Filter>Header Files\VrGUI</Filter>
    </ClInclude>
    <ClInclude Include="..\..\..\VrAppSupport\VrGUI\Src\VRMenuMgr.h">
      <Filter>Header Files\VrGUI</Filter>
    </ClInclude>
    <ClInclude Include="..\..\..\VrAppSupport\VrGUI\Src\VRMenuObject.h">
      <Filter>Header Files\VrGUI</Filter>
    </ClInclude>
    <ClInclude Include="..\..\..\VrAppSupport\VrGUI\Src\ActionComponents.h">
      <Filter>Header Files\VrGUI</Filter>
    </ClInclude>
    <ClInclude Include="..\..\..\VrAppSupport\VrGUI\Src\AnimComponents.h">
      <Filter>Header Files\VrGUI</Filter>
    </ClInclude>
    <ClInclude Include="..\..\..\VrAppSupport\VrGUI\Src\CollisionPrimitive.h">
      <Filter>Header Files\VrGUI</Filter>
    </ClInclude>
    <ClInclude Include="..\..\..\VrAppSupport\VrGUI\Src\DefaultComponent.h">
      <Filter>Header Files\VrGUI</Filter>
    </ClInclude>
    <ClInclude Include="..\..\..\VrAppSupport\VrGUI\Src\Fader.h">
      <Filter>Header Files\VrGUI</Filter>
    </ClInclude>
    <ClInclude Include="..\..\..\VrAppSupport\VrGUI\Src\FolderBrowser.h">
      <Filter>Header Files\VrGUI</Filter>
    </ClInclude>
    <ClInclude Include="..\..\..\VrAppSupport\VrGUI\Src\GazeCursor.h">
      <Filter>Header Files\VrGUI</Filter>
    </ClInclude>
    <ClInclude Include="..\..\..\VrAppSupport\VrGUI\Src\GazeCursorLocal.h">
      <Filter>Header Files\VrGUI</Filter>
    </ClInclude>
    <ClInclude Include="..\..\..\VrAppSupport\VrGUI\Src\GuiSys.h">
      <Filter>Header Files\VrGUI</Filter>
    </ClInclude>
    <ClInclude Include="..\..\..\VrAppSupport\VrGUI\Src\Lerp.h">
      <Filter>Header Files\VrGUI</Filter>
    </ClInclude>
    <ClInclude Include="..\..\..\VrAppSupport\VrGUI\Src\MetaDataManager.h">
      <Filter>Header Files\VrGUI</Filter>
    </ClInclude>
    <ClInclude Include="..\..\..\VrAppSupport\VrGUI\Src\ProgressBarComponent.h">
      <Filter>Header Files\VrGUI</Filter>
    </ClInclude>
    <ClInclude Include="..\..\..\VrAppSupport\VrGUI\Src\ScrollBarComponent.h">
      <Filter>Header Files\VrGUI</Filter>
    </ClInclude>
    <ClInclude Include="..\..\..\VrAppSupport\VrGUI\Src\ScrollManager.h">
      <Filter>Header Files\VrGUI</Filter>
    </ClInclude>
    <ClInclude Include="..\..\..\VrAppSupport\VrGUI\Src\SliderComponent.h">
      <Filter>Header Files\VrGUI</Filter>
    </ClInclude>
    <ClInclude Include="..\..\..\VrAppSupport\VrGUI\Src\SoundLimiter.h">
      <Filter>Header Files\VrGUI</Filter>
    </ClInclude>
    <ClInclude Include="..\..\..\VrAppSupport\VrGUI\Src\SwipeHintComponent.h">
      <Filter>Header Files\VrGUI</Filter>
    </ClInclude>
    <ClInclude Include="..\..\..\VrAppSupport\VrGUI\Src\TextFade_Component.h">
      <Filter>Header Files\VrGUI</Filter>
    </ClInclude>
    <ClInclude Include="..\..\..\VrAppSupport\VrGUI\Src\ui_default.h">
      <Filter>Header Files\VrGUI</Filter>
    </ClInclude>
    <ClInclude Include="..\..\..\VrAppSupport\VrGUI\Src\VolumePopup.h">
      <Filter>Header Files\VrGUI</Filter>
    </ClInclude>
    <ClInclude Include="..\..\..\VrAppSupport\VrGUI\Src\VRMenu.h">
      <Filter>Header Files\VrGUI</Filter>
    </ClInclude>
    <ClInclude Include="..\..\..\VrAppSupport\VrGUI\Src\VRMenuComponent.h">
      <Filter>Header Files\VrGUI</Filter>
    </ClInclude>
    <ClInclude Include="Src\Config.h">
      <Filter>Header Files</Filter>
    </ClInclude>
    <ClInclude Include="Src\ThreadPool.h">
      <Filter>Header Files</Filter>
    </ClInclude>
    <ClInclude Include="Src\DBTweener\dbtweener.h">
      <Filter>Header Files\DBTweener</Filter>
    </ClInclude>
    <ClInclude Include="Src\Interpolation.h">
      <Filter>Header Files</Filter>
    </ClInclude>
    <ClInclude Include="Src\HexagonScene.h">
      <Filter>Header Files</Filter>
    </ClInclude>
    <ClInclude Include="Src\IScene.h">
      <Filter>Header Files</Filter>
    </ClInclude>
    <ClInclude Include="Src\Sparkle.h">
      <Filter>Header Files</Filter>
    </ClInclude>
  </ItemGroup>
  <ItemGroup>
    <ClCompile Include="src\Mangaroll.cpp">
      <Filter>Source Files</Filter>
    </ClCompile>
    <ClCompile Include="Src\Page.cpp">
      <Filter>Source Files</Filter>
    </ClCompile>
    <ClCompile Include="Src\Helpers.cpp">
      <Filter>Source Files</Filter>
    </ClCompile>
    <ClCompile Include="Src\OVR_TurboJpeg.cpp">
      <Filter>Source Files</Filter>
    </ClCompile>
    <ClCompile Include="Src\MangaSettingsView.cpp">
      <Filter>Source Files</Filter>
    </ClCompile>
    <ClCompile Include="Src\MangaCarousel.cpp">
      <Filter>Source Files</Filter>
    </ClCompile>
    <ClCompile Include="Src\Manga.cpp">
      <Filter>Source Files</Filter>
    </ClCompile>
    <ClCompile Include="Src\ShaderManager.cpp">
      <Filter>Source Files</Filter>
    </ClCompile>
    <ClCompile Include="Src\ViewManager.cpp">
      <Filter>Source Files</Filter>
    </ClCompile>
    <ClCompile Include="Src\View.cpp">
      <Filter>Source Files</Filter>
    </ClCompile>
    <ClCompile Include="Src\MangaSelectionView.cpp">
      <Filter>Source Files</Filter>
    </ClCompile>
    <ClCompile Include="Src\AsyncTexture.cpp">
      <Filter>Source Files</Filter>
    </ClCompile>
    <ClCompile Include="Src\MangaProvider.cpp">
      <Filter>Source Files</Filter>
    </ClCompile>
    <ClCompile Include="Src\Web.cpp">
      <Filter>Source Files</Filter>
    </ClCompile>
    <ClCompile Include="Src\AnimationManager.cpp">
      <Filter>Source Files</Filter>
    </ClCompile>
    <ClCompile Include="Src\UICheckbox.cpp">
      <Filter>Source Files</Filter>
    </ClCompile>
    <ClCompile Include="..\..\..\VrAppSupport\VrGUI\Src\ScrollBarComponent.cpp">
      <Filter>Source Files\VrGUI</Filter>
    </ClCompile>
    <ClCompile Include="..\..\..\VrAppSupport\VrGUI\Src\ScrollManager.cpp">
      <Filter>Source Files\VrGUI</Filter>
    </ClCompile>
    <ClCompile Include="..\..\..\VrAppSupport\VrGUI\Src\SliderComponent.cpp">
      <Filter>Source Files\VrGUI</Filter>
    </ClCompile>
    <ClCompile Include="..\..\..\VrAppSupport\VrGUI\Src\SoundLimiter.cpp">
      <Filter>Source Files\VrGUI</Filter>
    </ClCompile>
    <ClCompile Include="..\..\..\VrAppSupport\VrGUI\Src\SwipeHintComponent.cpp">
      <Filter>Source Files\VrGUI</Filter>
    </ClCompile>
    <ClCompile Include="..\..\..\VrAppSupport\VrGUI\Src\TextFade_Component.cpp">
      <Filter>Source Files\VrGUI</Filter>
    </ClCompile>
    <ClCompile Include="..\..\..\VrAppSupport\VrGUI\Src\VolumePopup.cpp">
      <Filter>Source Files\VrGUI</Filter>
    </ClCompile>
    <ClCompile Include="..\..\..\VrAppSupport\VrGUI\Src\VRMenu.cpp">
      <Filter>Source Files\VrGUI</Filter>
    </ClCompile>
    <ClCompile Include="..\..\..\VrAppSupport\VrGUI\Src\VRMenuComponent.cpp">
      <Filter>Source Files\VrGUI</Filter>
    </ClCompile>
    <ClCompile Include="..\..\..\VrAppSupport\VrGUI\Src\VRMenuEvent.cpp">
      <Filter>Source Files\VrGUI</Filter>
    </ClCompile>
    <ClCompile Include="..\..\..\VrAppSupport\VrGUI\Src\VRMenuEventHandler.cpp">
      <Filter>Source Files\VrGUI</Filter>
    </ClCompile>
    <ClCompile Include="..\..\..\VrAppSupport\VrGUI\Src\VRMenuMgr.cpp">
      <Filter>Source Files\VrGUI</Filter>
    </ClCompile>
    <ClCompile Include="..\..\..\VrAppSupport\VrGUI\Src\VRMenuObject.cpp">
      <Filter>Source Files\VrGUI</Filter>
    </ClCompile>
    <ClCompile Include="..\..\..\VrAppSupport\VrGUI\Src\ActionComponents.cpp">
      <Filter>Source Files\VrGUI</Filter>
    </ClCompile>
    <ClCompile Include="..\..\..\VrAppSupport\VrGUI\Src\AnimComponents.cpp">
      <Filter>Source Files\VrGUI</Filter>
    </ClCompile>
    <ClCompile Include="..\..\..\VrAppSupport\VrGUI\Src\CollisionPrimitive.cpp">
      <Filter>Source Files\VrGUI</Filter>
    </ClCompile>
    <ClCompile Include="..\..\..\VrAppSupport\VrGUI\Src\DefaultComponent.cpp">
      <Filter>Source Files\VrGUI</Filter>
    </ClCompile>
    <ClCompile Include="..\..\..\VrAppSupport\VrGUI\Src\Fader.cpp">
      <Filter>Source Files\VrGUI</Filter>
    </ClCompile>
    <ClCompile Include="..\..\..\VrAppSupport\VrGUI\Src\FolderBrowser.cpp">
      <Filter>Source Files\VrGUI</Filter>
    </ClCompile>
    <ClCompile Include="..\..\..\VrAppSupport\VrGUI\Src\GazeCursor.cpp">
      <Filter>Source Files\VrGUI</Filter>
    </ClCompile>
    <ClCompile Include="..\..\..\VrAppSupport\VrGUI\Src\GuiSys.cpp">
      <Filter>Source Files\VrGUI</Filter>
    </ClCompile>
    <ClCompile Include="..\..\..\VrAppSupport\VrGUI\Src\MetaDataManager.cpp">
      <Filter>Source Files\VrGUI</Filter>
    </ClCompile>
    <ClCompile Include="..\..\..\VrAppSupport\VrGUI\Src\ProgressBarComponent.cpp">
      <Filter>Source Files\VrGUI</Filter>
    </ClCompile>
    <ClCompile Include="Src\Config.cpp">
      <Filter>Source Files</Filter>
    </ClCompile>
    <ClCompile Include="Src\ThreadPool.cpp">
      <Filter>Source Files</Filter>
    </ClCompile>
    <ClCompile Include="Src\Interpolation.cpp">
      <Filter>Source Files</Filter>
    </ClCompile>
  </ItemGroup>
</Project>